
Microsoft Visual Studio Solution File, Format Version 12.00
# Visual Studio Version 16
VisualStudioVersion = 16.0.29324.140
MinimumVisualStudioVersion = 10.0.40219.1
Project("{FAE04EC0-301F-11D3-BF4B-00C04F79EFBC}") = "Övning2.1", "Övning2.1\Övning2.1.csproj", "{5ABC5350-5D80-4D97-BF87-1944FE09A755}"
EndProject
Project("{FAE04EC0-301F-11D3-BF4B-00C04F79EFBC}") = "Övning_2_2", "Övning 2.2\Övning_2_2.csproj", "{D911EA8D-B966-45C8-818F-2453E478772F}"
EndProject
Project("{FAE04EC0-301F-11D3-BF4B-00C04F79EFBC}") = "Övning_2_3", "Övning_2_3\Övning_2_3.csproj", "{7760E046-9F42-43AE-B594-2FB3871C3E38}"
EndProject
Project("{FAE04EC0-301F-11D3-BF4B-00C04F79EFBC}") = "Parser", "Parser\Parser.csproj", "{09F7A74A-B072-4FBB-B3ED-03150A091420}"
EndProject
Project("{FAE04EC0-301F-11D3-BF4B-00C04F79EFBC}") = "Bank_Övning", "Bank_Övning\Bank_Övning.csproj", "{235D6782-FFBD-4E83-B35C-47CBAC7204AC}"
EndProject
Project("{FAE04EC0-301F-11D3-BF4B-00C04F79EFBC}") = "Interface_Figurer", "Interface_Figurer\Interface_Figurer.csproj", "{7E39FB74-CC59-4500-98C0-D94874715E24}"
EndProject
Project("{FAE04EC0-301F-11D3-BF4B-00C04F79EFBC}") = "MinLista", "MinLista\MinLista.csproj", "{BC06EB2E-8B70-4144-BBE6-C26A5BB0168C}"
EndProject
Global
	GlobalSection(SolutionConfigurationPlatforms) = preSolution
		Debug|Any CPU = Debug|Any CPU
		Release|Any CPU = Release|Any CPU
	EndGlobalSection
	GlobalSection(ProjectConfigurationPlatforms) = postSolution
		{5ABC5350-5D80-4D97-BF87-1944FE09A755}.Debug|Any CPU.ActiveCfg = Debug|Any CPU
		{5ABC5350-5D80-4D97-BF87-1944FE09A755}.Debug|Any CPU.Build.0 = Debug|Any CPU
		{5ABC5350-5D80-4D97-BF87-1944FE09A755}.Release|Any CPU.ActiveCfg = Release|Any CPU
		{5ABC5350-5D80-4D97-BF87-1944FE09A755}.Release|Any CPU.Build.0 = Release|Any CPU
		{D911EA8D-B966-45C8-818F-2453E478772F}.Debug|Any CPU.ActiveCfg = Debug|Any CPU
		{D911EA8D-B966-45C8-818F-2453E478772F}.Debug|Any CPU.Build.0 = Debug|Any CPU
		{D911EA8D-B966-45C8-818F-2453E478772F}.Release|Any CPU.ActiveCfg = Release|Any CPU
		{D911EA8D-B966-45C8-818F-2453E478772F}.Release|Any CPU.Build.0 = Release|Any CPU
		{7760E046-9F42-43AE-B594-2FB3871C3E38}.Debug|Any CPU.ActiveCfg = Debug|Any CPU
		{7760E046-9F42-43AE-B594-2FB3871C3E38}.Debug|Any CPU.Build.0 = Debug|Any CPU
		{7760E046-9F42-43AE-B594-2FB3871C3E38}.Release|Any CPU.ActiveCfg = Release|Any CPU
		{7760E046-9F42-43AE-B594-2FB3871C3E38}.Release|Any CPU.Build.0 = Release|Any CPU
		{09F7A74A-B072-4FBB-B3ED-03150A091420}.Debug|Any CPU.ActiveCfg = Debug|Any CPU
		{09F7A74A-B072-4FBB-B3ED-03150A091420}.Debug|Any CPU.Build.0 = Debug|Any CPU
		{09F7A74A-B072-4FBB-B3ED-03150A091420}.Release|Any CPU.ActiveCfg = Release|Any CPU
		{09F7A74A-B072-4FBB-B3ED-03150A091420}.Release|Any CPU.Build.0 = Release|Any CPU
		{235D6782-FFBD-4E83-B35C-47CBAC7204AC}.Debug|Any CPU.ActiveCfg = Debug|Any CPU
		{235D6782-FFBD-4E83-B35C-47CBAC7204AC}.Debug|Any CPU.Build.0 = Debug|Any CPU
		{235D6782-FFBD-4E83-B35C-47CBAC7204AC}.Release|Any CPU.ActiveCfg = Release|Any CPU
		{235D6782-FFBD-4E83-B35C-47CBAC7204AC}.Release|Any CPU.Build.0 = Release|Any CPU
		{7E39FB74-CC59-4500-98C0-D94874715E24}.Debug|Any CPU.ActiveCfg = Debug|Any CPU
		{7E39FB74-CC59-4500-98C0-D94874715E24}.Debug|Any CPU.Build.0 = Debug|Any CPU
		{7E39FB74-CC59-4500-98C0-D94874715E24}.Release|Any CPU.ActiveCfg = Release|Any CPU
		{7E39FB74-CC59-4500-98C0-D94874715E24}.Release|Any CPU.Build.0 = Release|Any CPU
		{BC06EB2E-8B70-4144-BBE6-C26A5BB0168C}.Debug|Any CPU.ActiveCfg = Debug|Any CPU
		{BC06EB2E-8B70-4144-BBE6-C26A5BB0168C}.Debug|Any CPU.Build.0 = Debug|Any CPU
		{BC06EB2E-8B70-4144-BBE6-C26A5BB0168C}.Release|Any CPU.ActiveCfg = Release|Any CPU
		{BC06EB2E-8B70-4144-BBE6-C26A5BB0168C}.Release|Any CPU.Build.0 = Release|Any CPU
	EndGlobalSection
	GlobalSection(SolutionProperties) = preSolution
		HideSolutionNode = FALSE
	EndGlobalSection
	GlobalSection(ExtensibilityGlobals) = postSolution
		SolutionGuid = {3BD23BC7-CF79-4AD4-A2B3-516A788B78D0}
	EndGlobalSection
EndGlobal
